
Microsoft Visual Studio Solution File, Format Version 12.00
# Visual Studio 14
VisualStudioVersion = 14.0.25420.1
MinimumVisualStudioVersion = 10.0.40219.1
Project("{FAE04EC0-301F-11D3-BF4B-00C04F79EFBC}") = "DAL", "DAL\DAL.csproj", "{C2E25823-9B0C-4D63-B6EC-0E31403D3C33}"
EndProject
Project("{FAE04EC0-301F-11D3-BF4B-00C04F79EFBC}") = "Operations", "Operations\Operations.csproj", "{62653D44-ECB7-465E-8B75-744A0E049A66}"
EndProject
Global
	GlobalSection(SolutionConfigurationPlatforms) = preSolution
		Debug|Any CPU = Debug|Any CPU
		Release|Any CPU = Release|Any CPU
	EndGlobalSection
	GlobalSection(ProjectConfigurationPlatforms) = postSolution
		{C2E25823-9B0C-4D63-B6EC-0E31403D3C33}.Debug|Any CPU.ActiveCfg = Debug|Any CPU
		{C2E25823-9B0C-4D63-B6EC-0E31403D3C33}.Debug|Any CPU.Build.0 = Debug|Any CPU
		{C2E25823-9B0C-4D63-B6EC-0E31403D3C33}.Release|Any CPU.ActiveCfg = Release|Any CPU
		{C2E25823-9B0C-4D63-B6EC-0E31403D3C33}.Release|Any CPU.Build.0 = Release|Any CPU
		{62653D44-ECB7-465E-8B75-744A0E049A66}.Debug|Any CPU.ActiveCfg = Debug|Any CPU
		{62653D44-ECB7-465E-8B75-744A0E049A66}.Debug|Any CPU.Build.0 = Debug|Any CPU
		{62653D44-ECB7-465E-8B75-744A0E049A66}.Release|Any CPU.ActiveCfg = Release|Any CPU
		{62653D44-ECB7-465E-8B75-744A0E049A66}.Release|Any CPU.Build.0 = Release|Any CPU
	EndGlobalSection
	GlobalSection(SolutionProperties) = preSolution
		HideSolutionNode = FALSE
	EndGlobalSection
EndGlobal
